
Microsoft Visual Studio Solution File, Format Version 12.00
# Visual Studio 15
VisualStudioVersion = 15.0.28010.2050
MinimumVisualStudioVersion = 10.0.40219.1
Project("{FAE04EC0-301F-11D3-BF4B-00C04F79EFBC}") = "DateManipulation", "DateManipulation\DateManipulation.csproj", "{F28A2278-7F59-445B-8DA1-1FD1F0547732}"
EndProject
Project("{FAE04EC0-301F-11D3-BF4B-00C04F79EFBC}") = "DateManipulation.Tests", "DateManipulation.Tests\DateManipulation.Tests.csproj", "{7B9C5229-00A0-44C5-B05A-BD5D8CF0C4E1}"
EndProject
Project("{FAE04EC0-301F-11D3-BF4B-00C04F79EFBC}") = "BusinessLogic", "BusinessLogic\BusinessLogic.csproj", "{A3A03881-3824-4EAB-8054-867D9AF17C86}"
EndProject
Project("{FAE04EC0-301F-11D3-BF4B-00C04F79EFBC}") = "BusinessObjects", "BusinessObjects\BusinessObjects.csproj", "{C8525F7C-649F-4386-A366-0F728CAF91E9}"
EndProject
Global
	GlobalSection(SolutionConfigurationPlatforms) = preSolution
		Debug|Any CPU = Debug|Any CPU
		Release|Any CPU = Release|Any CPU
	EndGlobalSection
	GlobalSection(ProjectConfigurationPlatforms) = postSolution
		{F28A2278-7F59-445B-8DA1-1FD1F0547732}.Debug|Any CPU.ActiveCfg = Debug|Any CPU
		{F28A2278-7F59-445B-8DA1-1FD1F0547732}.Debug|Any CPU.Build.0 = Debug|Any CPU
		{F28A2278-7F59-445B-8DA1-1FD1F0547732}.Release|Any CPU.ActiveCfg = Release|Any CPU
		{F28A2278-7F59-445B-8DA1-1FD1F0547732}.Release|Any CPU.Build.0 = Release|Any CPU
		{7B9C5229-00A0-44C5-B05A-BD5D8CF0C4E1}.Debug|Any CPU.ActiveCfg = Debug|Any CPU
		{7B9C5229-00A0-44C5-B05A-BD5D8CF0C4E1}.Debug|Any CPU.Build.0 = Debug|Any CPU
		{7B9C5229-00A0-44C5-B05A-BD5D8CF0C4E1}.Release|Any CPU.ActiveCfg = Release|Any CPU
		{7B9C5229-00A0-44C5-B05A-BD5D8CF0C4E1}.Release|Any CPU.Build.0 = Release|Any CPU
		{A3A03881-3824-4EAB-8054-867D9AF17C86}.Debug|Any CPU.ActiveCfg = Debug|Any CPU
		{A3A03881-3824-4EAB-8054-867D9AF17C86}.Debug|Any CPU.Build.0 = Debug|Any CPU
		{A3A03881-3824-4EAB-8054-867D9AF17C86}.Release|Any CPU.ActiveCfg = Release|Any CPU
		{A3A03881-3824-4EAB-8054-867D9AF17C86}.Release|Any CPU.Build.0 = Release|Any CPU
		{C8525F7C-649F-4386-A366-0F728CAF91E9}.Debug|Any CPU.ActiveCfg = Debug|Any CPU
		{C8525F7C-649F-4386-A366-0F728CAF91E9}.Debug|Any CPU.Build.0 = Debug|Any CPU
		{C8525F7C-649F-4386-A366-0F728CAF91E9}.Release|Any CPU.ActiveCfg = Release|Any CPU
		{C8525F7C-649F-4386-A366-0F728CAF91E9}.Release|Any CPU.Build.0 = Release|Any CPU
	EndGlobalSection
	GlobalSection(SolutionProperties) = preSolution
		HideSolutionNode = FALSE
	EndGlobalSection
	GlobalSection(ExtensibilityGlobals) = postSolution
		SolutionGuid = {47102561-BB88-452A-AD56-565BD7B34D1F}
	EndGlobalSection
EndGlobal
